// !$*UTF8*$!
{
	archiveVersion = 1;
	classes = {
	};
	objectVersion = 56;
	objects = {

/* Begin PBXBuildFile section */
		0032E7612B7D6944009A4FB1 /* PageModel.swift in Sources */ = {isa = PBXBuildFile; fileRef = 0032E7602B7D6944009A4FB1 /* PageModel.swift */; };
		0032E7632B7D698D009A4FB1 /* PageData.swift in Sources */ = {isa = PBXBuildFile; fileRef = 0032E7622B7D698D009A4FB1 /* PageData.swift */; };
		00579AE02B7D47A00055578F /* ZoomyApp.swift in Sources */ = {isa = PBXBuildFile; fileRef = 00579ADF2B7D47A00055578F /* ZoomyApp.swift */; };
		00579AE22B7D47A00055578F /* ContentView.swift in Sources */ = {isa = PBXBuildFile; fileRef = 00579AE12B7D47A00055578F /* ContentView.swift */; };
		00579AE42B7D47A10055578F /* Assets.xcassets in Resources */ = {isa = PBXBuildFile; fileRef = 00579AE32B7D47A10055578F /* Assets.xcassets */; };
		00579AE72B7D47A10055578F /* Preview Assets.xcassets in Resources */ = {isa = PBXBuildFile; fileRef = 00579AE62B7D47A10055578F /* Preview Assets.xcassets */; };
		00579AF22B7D55790055578F /* InfoPanelView.swift in Sources */ = {isa = PBXBuildFile; fileRef = 00579AF12B7D55790055578F /* InfoPanelView.swift */; };
		00579AF42B7D5BD60055578F /* ControlImageView.swift in Sources */ = {isa = PBXBuildFile; fileRef = 00579AF32B7D5BD60055578F /* ControlImageView.swift */; };
/* End PBXBuildFile section */

/* Begin PBXFileReference section */
		0032E7602B7D6944009A4FB1 /* PageModel.swift */ = {isa = PBXFileReference; lastKnownFileType = sourcecode.swift; path = PageModel.swift; sourceTree = "<group>"; };
		0032E7622B7D698D009A4FB1 /* PageData.swift */ = {isa = PBXFileReference; lastKnownFileType = sourcecode.swift; path = PageData.swift; sourceTree = "<group>"; };
		00579ADC2B7D47A00055578F /* Zoomy.app */ = {isa = PBXFileReference; explicitFileType = wrapper.application; includeInIndex = 0; path = Zoomy.app; sourceTree = BUILT_PRODUCTS_DIR; };
		00579ADF2B7D47A00055578F /* ZoomyApp.swift */ = {isa = PBXFileReference; lastKnownFileType = sourcecode.swift; path = ZoomyApp.swift; sourceTree = "<group>"; };
		00579AE12B7D47A00055578F /* ContentView.swift */ = {isa = PBXFileReference; lastKnownFileType = sourcecode.swift; path = ContentView.swift; sourceTree = "<group>"; };
		00579AE32B7D47A10055578F /* Assets.xcassets */ = {isa = PBXFileReference; lastKnownFileType = folder.assetcatalog; path = Assets.xcassets; sourceTree = "<group>"; };
		00579AE62B7D47A10055578F /* Preview Assets.xcassets */ = {isa = PBXFileReference; lastKnownFileType = folder.assetcatalog; path = "Preview Assets.xcassets"; sourceTree = "<group>"; };
		00579AF12B7D55790055578F /* InfoPanelView.swift */ = {isa = PBXFileReference; lastKnownFileType = sourcecode.swift; path = InfoPanelView.swift; sourceTree = "<group>"; };
		00579AF32B7D5BD60055578F /* ControlImageView.swift */ = {isa = PBXFileReference; lastKnownFileType = sourcecode.swift; path = ControlImageView.swift; sourceTree = "<group>"; };
/* End PBXFileReference section */

/* Begin PBXFrameworksBuildPhase section */
		00579AD92B7D47A00055578F /* Frameworks */ = {
			isa = PBXFrameworksBuildPhase;
			buildActionMask = 2147483647;
			files = (
			);
			runOnlyForDeploymentPostprocessing = 0;
		};
/* End PBXFrameworksBuildPhase section */

/* Begin PBXGroup section */
		00579AD32B7D47A00055578F = {
			isa = PBXGroup;
			children = (
				00579ADE2B7D47A00055578F /* Zoomy */,
				00579ADD2B7D47A00055578F /* Products */,
			);
			sourceTree = "<group>";
		};
		00579ADD2B7D47A00055578F /* Products */ = {
			isa = PBXGroup;
			children = (
				00579ADC2B7D47A00055578F /* Zoomy.app */,
			);
			name = Products;
			sourceTree = "<group>";
		};
		00579ADE2B7D47A00055578F /* Zoomy */ = {
			isa = PBXGroup;
			children = (
				00579AF02B7D4AEA0055578F /* Data */,
				00579AEF2B7D4AE30055578F /* Model */,
				00579AEE2B7D4ADB0055578F /* View */,
				00579ADF2B7D47A00055578F /* ZoomyApp.swift */,
				00579AED2B7D4AD20055578F /* Screen */,
				00579AE32B7D47A10055578F /* Assets.xcassets */,
				00579AE52B7D47A10055578F /* Preview Content */,
			);
			path = Zoomy;
			sourceTree = "<group>";
		};
		00579AE52B7D47A10055578F /* Preview Content */ = {
			isa = PBXGroup;
			children = (
				00579AE62B7D47A10055578F /* Preview Assets.xcassets */,
			);
			path = "Preview Content";
			sourceTree = "<group>";
		};
		00579AED2B7D4AD20055578F /* Screen */ = {
			isa = PBXGroup;
			children = (
				00579AE12B7D47A00055578F /* ContentView.swift */,
			);
			path = Screen;
			sourceTree = "<group>";
		};
		00579AEE2B7D4ADB0055578F /* View */ = {
			isa = PBXGroup;
			children = (
				00579AF12B7D55790055578F /* InfoPanelView.swift */,
				00579AF32B7D5BD60055578F /* ControlImageView.swift */,
			);
			path = View;
			sourceTree = "<group>";
		};
		00579AEF2B7D4AE30055578F /* Model */ = {
			isa = PBXGroup;
			children = (
				0032E7602B7D6944009A4FB1 /* PageModel.swift */,
			);
			path = Model;
			sourceTree = "<group>";
		};
		00579AF02B7D4AEA0055578F /* Data */ = {
			isa = PBXGroup;
			children = (
				0032E7622B7D698D009A4FB1 /* PageData.swift */,
			);
			path = Data;
			sourceTree = "<group>";
		};
/* End PBXGroup section */

/* Begin PBXNativeTarget section */
		00579ADB2B7D47A00055578F /* Zoomy */ = {
			isa = PBXNativeTarget;
			buildConfigurationList = 00579AEA2B7D47A10055578F /* Build configuration list for PBXNativeTarget "Zoomy" */;
			buildPhases = (
				00579AD82B7D47A00055578F /* Sources */,
				00579AD92B7D47A00055578F /* Frameworks */,
				00579ADA2B7D47A00055578F /* Resources */,
			);
			buildRules = (
			);
			dependencies = (
			);
			name = Zoomy;
			productName = Zoomy;
			productReference = 00579ADC2B7D47A00055578F /* Zoomy.app */;
			productType = "com.apple.product-type.application";
		};
/* End PBXNativeTarget section */

/* Begin PBXProject section */
		00579AD42B7D47A00055578F /* Project object */ = {
			isa = PBXProject;
			attributes = {
				BuildIndependentTargetsInParallel = 1;
				LastSwiftUpdateCheck = 1520;
				LastUpgradeCheck = 1520;
				TargetAttributes = {
					00579ADB2B7D47A00055578F = {
						CreatedOnToolsVersion = 15.2;
					};
				};
			};
			buildConfigurationList = 00579AD72B7D47A00055578F /* Build configuration list for PBXProject "Zoomy" */;
			compatibilityVersion = "Xcode 14.0";
			developmentRegion = en;
			hasScannedForEncodings = 0;
			knownRegions = (
				en,
				Base,
			);
			mainGroup = 00579AD32B7D47A00055578F;
			productRefGroup = 00579ADD2B7D47A00055578F /* Products */;
			projectDirPath = "";
			projectRoot = "";
			targets = (
				00579ADB2B7D47A00055578F /* Zoomy */,
			);
		};
/* End PBXProject section */

/* Begin PBXResourcesBuildPhase section */
		00579ADA2B7D47A00055578F /* Resources */ = {
			isa = PBXResourcesBuildPhase;
			buildActionMask = 2147483647;
			files = (
				00579AE72B7D47A10055578F /* Preview Assets.xcassets in Resources */,
				00579AE42B7D47A10055578F /* Assets.xcassets in Resources */,
			);
			runOnlyForDeploymentPostprocessing = 0;
		};
/* End PBXResourcesBuildPhase section */

/* Begin PBXSourcesBuildPhase section */
		00579AD82B7D47A00055578F /* Sources */ = {
			isa = PBXSourcesBuildPhase;
			buildActionMask = 2147483647;
			files = (
				00579AF42B7D5BD60055578F /* ControlImageView.swift in Sources */,
				0032E7612B7D6944009A4FB1 /* PageModel.swift in Sources */,
				00579AE22B7D47A00055578F /* ContentView.swift in Sources */,
				00579AE02B7D47A00055578F /* ZoomyApp.swift in Sources */,
				0032E7632B7D698D009A4FB1 /* PageData.swift in Sources */,
				00579AF22B7D55790055578F /* InfoPanelView.swift in Sources */,
			);
			runOnlyForDeploymentPostprocessing = 0;
		};
/* End PBXSourcesBuildPhase section */

/* Begin XCBuildConfiguration section */
		00579AE82B7D47A10055578F /* Debug */ = {
			isa = XCBuildConfiguration;
			buildSettings = {
				ALWAYS_SEARCH_USER_PATHS = NO;
				ASSETCATALOG_COMPILER_GENERATE_SWIFT_ASSET_SYMBOL_EXTENSIONS = YES;
				CLANG_ANALYZER_NONNULL = YES;
				CLANG_ANALYZER_NUMBER_OBJECT_CONVERSION = YES_AGGRESSIVE;
				CLANG_CXX_LANGUAGE_STANDARD = "gnu++20";
				CLANG_ENABLE_MODULES = YES;
				CLANG_ENABLE_OBJC_ARC = YES;
				CLANG_ENABLE_OBJC_WEAK = YES;
				CLANG_WARN_BLOCK_CAPTURE_AUTORELEASING = YES;
				CLANG_WARN_BOOL_CONVERSION = YES;
				CLANG_WARN_COMMA = YES;
				CLANG_WARN_CONSTANT_CONVERSION = YES;
				CLANG_WARN_DEPRECATED_OBJC_IMPLEMENTATIONS = YES;
				CLANG_WARN_DIRECT_OBJC_ISA_USAGE = YES_ERROR;
				CLANG_WARN_DOCUMENTATION_COMMENTS = YES;
				CLANG_WARN_EMPTY_BODY = YES;
				CLANG_WARN_ENUM_CONVERSION = YES;
				CLANG_WARN_INFINITE_RECURSION = YES;
				CLANG_WARN_INT_CONVERSION = YES;
				CLANG_WARN_NON_LITERAL_NULL_CONVERSION = YES;
				CLANG_WARN_OBJC_IMPLICIT_RETAIN_SELF = YES;
				CLANG_WARN_OBJC_LITERAL_CONVERSION = YES;
				CLANG_WARN_OBJC_ROOT_CLASS = YES_ERROR;
				CLANG_WARN_QUOTED_INCLUDE_IN_FRAMEWORK_HEADER = YES;
				CLANG_WARN_RANGE_LOOP_ANALYSIS = YES;
				CLANG_WARN_STRICT_PROTOTYPES = YES;
				CLANG_WARN_SUSPICIOUS_MOVE = YES;
				CLANG_WARN_UNGUARDED_AVAILABILITY = YES_AGGRESSIVE;
				CLANG_WARN_UNREACHABLE_CODE = YES;
				CLANG_WARN__DUPLICATE_METHOD_MATCH = YES;
				COPY_PHASE_STRIP = NO;
				DEBUG_INFORMATION_FORMAT = dwarf;
				ENABLE_STRICT_OBJC_MSGSEND = YES;
				ENABLE_TESTABILITY = YES;
				ENABLE_USER_SCRIPT_SANDBOXING = YES;
				GCC_C_LANGUAGE_STANDARD = gnu17;
				GCC_DYNAMIC_NO_PIC = NO;
				GCC_NO_COMMON_BLOCKS = YES;
				GCC_OPTIMIZATION_LEVEL = 0;
				GCC_PREPROCESSOR_DEFINITIONS = (
					"DEBUG=1",
					"$(inherited)",
				);
				GCC_WARN_64_TO_32_BIT_CONVERSION = YES;
				GCC_WARN_ABOUT_RETURN_TYPE = YES_ERROR;
				GCC_WARN_UNDECLARED_SELECTOR = YES;
				GCC_WARN_UNINITIALIZED_AUTOS = YES_AGGRESSIVE;
				GCC_WARN_UNUSED_FUNCTION = YES;
				GCC_WARN_UNUSED_VARIABLE = YES;
				IPHONEOS_DEPLOYMENT_TARGET = 17.2;
				LOCALIZATION_PREFERS_STRING_CATALOGS = YES;
				MTL_ENABLE_DEBUG_INFO = INCLUDE_SOURCE;
				MTL_FAST_MATH = YES;
				ONLY_ACTIVE_ARCH = YES;
				SDKROOT = iphoneos;
				SWIFT_ACTIVE_COMPILATION_CONDITIONS = "DEBUG $(inherited)";
				SWIFT_OPTIMIZATION_LEVEL = "-Onone";
			};
			name = Debug;
		};
		00579AE92B7D47A10055578F /* Release */ = {
			isa = XCBuildConfiguration;
			buildSettings = {
				ALWAYS_SEARCH_USER_PATHS = NO;
				ASSETCATALOG_COMPILER_GENERATE_SWIFT_ASSET_SYMBOL_EXTENSIONS = YES;
				CLANG_ANALYZER_NONNULL = YES;
				CLANG_ANALYZER_NUMBER_OBJECT_CONVERSION = YES_AGGRESSIVE;
				CLANG_CXX_LANGUAGE_STANDARD = "gnu++20";
				CLANG_ENABLE_MODULES = YES;
				CLANG_ENABLE_OBJC_ARC = YES;
				CLANG_ENABLE_OBJC_WEAK = YES;
				CLANG_WARN_BLOCK_CAPTURE_AUTORELEASING = YES;
				CLANG_WARN_BOOL_CONVERSION = YES;
				CLANG_WARN_COMMA = YES;
				CLANG_WARN_CONSTANT_CONVERSION = YES;
				CLANG_WARN_DEPRECATED_OBJC_IMPLEMENTATIONS = YES;
				CLANG_WARN_DIRECT_OBJC_ISA_USAGE = YES_ERROR;
				CLANG_WARN_DOCUMENTATION_COMMENTS = YES;
				CLANG_WARN_EMPTY_BODY = YES;
				CLANG_WARN_ENUM_CONVERSION = YES;
				CLANG_WARN_INFINITE_RECURSION = YES;
				CLANG_WARN_INT_CONVERSION = YES;
				CLANG_WARN_NON_LITERAL_NULL_CONVERSION = YES;
				CLANG_WARN_OBJC_IMPLICIT_RETAIN_SELF = YES;
				CLANG_WARN_OBJC_LITERAL_CONVERSION = YES;
				CLANG_WARN_OBJC_ROOT_CLASS = YES_ERROR;
				CLANG_WARN_QUOTED_INCLUDE_IN_FRAMEWORK_HEADER = YES;
				CLANG_WARN_RANGE_LOOP_ANALYSIS = YES;
				CLANG_WARN_STRICT_PROTOTYPES = YES;
				CLANG_WARN_SUSPICIOUS_MOVE = YES;
				CLANG_WARN_UNGUARDED_AVAILABILITY = YES_AGGRESSIVE;
				CLANG_WARN_UNREACHABLE_CODE = YES;
				CLANG_WARN__DUPLICATE_METHOD_MATCH = YES;
				COPY_PHASE_STRIP = NO;
				DEBUG_INFORMATION_FORMAT = "dwarf-with-dsym";
				ENABLE_NS_ASSERTIONS = NO;
				ENABLE_STRICT_OBJC_MSGSEND = YES;
				ENABLE_USER_SCRIPT_SANDBOXING = YES;
				GCC_C_LANGUAGE_STANDARD = gnu17;
				GCC_NO_COMMON_BLOCKS = YES;
				GCC_WARN_64_TO_32_BIT_CONVERSION = YES;
				GCC_WARN_ABOUT_RETURN_TYPE = YES_ERROR;
				GCC_WARN_UNDECLARED_SELECTOR = YES;
				GCC_WARN_UNINITIALIZED_AUTOS = YES_AGGRESSIVE;
				GCC_WARN_UNUSED_FUNCTION = YES;
				GCC_WARN_UNUSED_VARIABLE = YES;
				IPHONEOS_DEPLOYMENT_TARGET = 17.2;
				LOCALIZATION_PREFERS_STRING_CATALOGS = YES;
				MTL_ENABLE_DEBUG_INFO = NO;
				MTL_FAST_MATH = YES;
				SDKROOT = iphoneos;
				SWIFT_COMPILATION_MODE = wholemodule;
				VALIDATE_PRODUCT = YES;
			};
			name = Release;
		};
		00579AEB2B7D47A10055578F /* Debug */ = {
			isa = XCBuildConfiguration;
			buildSettings = {
				ASSETCATALOG_COMPILER_APPICON_NAME = AppIcon;
				ASSETCATALOG_COMPILER_GLOBAL_ACCENT_COLOR_NAME = AccentColor;
				CODE_SIGN_STYLE = Automatic;
				CURRENT_PROJECT_VERSION = 1;
				DEVELOPMENT_ASSET_PATHS = "\"Zoomy/Preview Content\"";
				DEVELOPMENT_TEAM = WPX6A59242;
				ENABLE_PREVIEWS = YES;
				GENERATE_INFOPLIST_FILE = YES;
				INFOPLIST_KEY_UIApplicationSceneManifest_Generation = YES;
				INFOPLIST_KEY_UIApplicationSupportsIndirectInputEvents = YES;
				INFOPLIST_KEY_UILaunchScreen_Generation = YES;
				INFOPLIST_KEY_UISupportedInterfaceOrientations = UIInterfaceOrientationPortrait;
				INFOPLIST_KEY_UISupportedInterfaceOrientations_iPad = UIInterfaceOrientationPortrait;
				LD_RUNPATH_SEARCH_PATHS = (
					"$(inherited)",
					"@executable_path/Frameworks",
				);
				MARKETING_VERSION = 1.0;
				PRODUCT_BUNDLE_IDENTIFIER = com.aneudysamparo.Zoomy;
				PRODUCT_NAME = "$(TARGET_NAME)";
				SWIFT_EMIT_LOC_STRINGS = YES;
				SWIFT_VERSION = 5.0;
				TARGETED_DEVICE_FAMILY = "1,2";
			};
			name = Debug;
		};
		00579AEC2B7D47A10055578F /* Release */ = {
			isa = XCBuildConfiguration;
			buildSettings = {
				ASSETCATALOG_COMPILER_APPICON_NAME = AppIcon;
				ASSETCATALOG_COMPILER_GLOBAL_ACCENT_COLOR_NAME = AccentColor;
				CODE_SIGN_STYLE = Automatic;
				CURRENT_PROJECT_VERSION = 1;
				DEVELOPMENT_ASSET_PATHS = "\"Zoomy/Preview Content\"";
				DEVELOPMENT_TEAM = WPX6A59242;
				ENABLE_PREVIEWS = YES;
				GENERATE_INFOPLIST_FILE = YES;
				INFOPLIST_KEY_UIApplicationSceneManifest_Generation = YES;
				INFOPLIST_KEY_UIApplicationSupportsIndirectInputEvents = YES;
				INFOPLIST_KEY_UILaunchScreen_Generation = YES;
				INFOPLIST_KEY_UISupportedInterfaceOrientations = UIInterfaceOrientationPortrait;
				INFOPLIST_KEY_UISupportedInterfaceOrientations_iPad = UIInterfaceOrientationPortrait;
				LD_RUNPATH_SEARCH_PATHS = (
					"$(inherited)",
					"@executable_path/Frameworks",
				);
				MARKETING_VERSION = 1.0;
				PRODUCT_BUNDLE_IDENTIFIER = com.aneudysamparo.Zoomy;
				PRODUCT_NAME = "$(TARGET_NAME)";
				SWIFT_EMIT_LOC_STRINGS = YES;
				SWIFT_VERSION = 5.0;
				TARGETED_DEVICE_FAMILY = "1,2";
			};
			name = Release;
		};
/* End XCBuildConfiguration section */

/* Begin XCConfigurationList section */
		00579AD72B7D47A00055578F /* Build configuration list for PBXProject "Zoomy" */ = {
			isa = XCConfigurationList;
			buildConfigurations = (
				00579AE82B7D47A10055578F /* Debug */,
				00579AE92B7D47A10055578F /* Release */,
			);
			defaultConfigurationIsVisible = 0;
			defaultConfigurationName = Release;
		};
		00579AEA2B7D47A10055578F /* Build configuration list for PBXNativeTarget "Zoomy" */ = {
			isa = XCConfigurationList;
			buildConfigurations = (
				00579AEB2B7D47A10055578F /* Debug */,
				00579AEC2B7D47A10055578F /* Release */,
			);
			defaultConfigurationIsVisible = 0;
			defaultConfigurationName = Release;
		};
/* End XCConfigurationList section */
	};
	rootObject = 00579AD42B7D47A00055578F /* Project object */;
}
